
Microsoft Visual Studio Solution File, Format Version 12.00
# Visual Studio Version 17
VisualStudioVersion = 17.4.33110.190
MinimumVisualStudioVersion = 10.0.40219.1
Project("{9A19103F-16F7-4668-BE54-9A1E7A4F7556}") = "FootballPlayers.Api", "FootballPlayers.Api\FootballPlayers.Api.csproj", "{A907FDDB-2E68-4BEE-BC55-F70A948560AB}"
EndProject
Project("{9A19103F-16F7-4668-BE54-9A1E7A4F7556}") = "FootballPlayers", "FootballPlayers\FootballPlayers.csproj", "{8C7DD893-443B-439C-9D48-783B1DD477F2}"
EndProject
Project("{9A19103F-16F7-4668-BE54-9A1E7A4F7556}") = "FootballPlayers.Infrastructure", "FootballPlayers.Infrastructure\FootballPlayers.Infrastructure.csproj", "{F726EA59-2363-42EB-AC5F-5530BD173E74}"
EndProject
Project("{9A19103F-16F7-4668-BE54-9A1E7A4F7556}") = "FootballPlayers.Test", "FootballPlayers.Test\FootballPlayers.Test.csproj", "{6AD2A95F-6D03-4A25-9097-813AE1BDD282}"
EndProject
Project("{2150E333-8FDC-42A3-9474-1A3956D46DE8}") = "Solution Items", "Solution Items", "{95151846-6AEF-4D75-BCFF-0A7DC2EAB0E1}"
	ProjectSection(SolutionItems) = preProject
		DatabaseInitializer.sql = DatabaseInitializer.sql
		README.md = README.md
	EndProjectSection
EndProject
Global
	GlobalSection(SolutionConfigurationPlatforms) = preSolution
		Debug|Any CPU = Debug|Any CPU
		Release|Any CPU = Release|Any CPU
	EndGlobalSection
	GlobalSection(ProjectConfigurationPlatforms) = postSolution
		{A907FDDB-2E68-4BEE-BC55-F70A948560AB}.Debug|Any CPU.ActiveCfg = Debug|Any CPU
		{A907FDDB-2E68-4BEE-BC55-F70A948560AB}.Debug|Any CPU.Build.0 = Debug|Any CPU
		{A907FDDB-2E68-4BEE-BC55-F70A948560AB}.Release|Any CPU.ActiveCfg = Release|Any CPU
		{A907FDDB-2E68-4BEE-BC55-F70A948560AB}.Release|Any CPU.Build.0 = Release|Any CPU
		{8C7DD893-443B-439C-9D48-783B1DD477F2}.Debug|Any CPU.ActiveCfg = Debug|Any CPU
		{8C7DD893-443B-439C-9D48-783B1DD477F2}.Debug|Any CPU.Build.0 = Debug|Any CPU
		{8C7DD893-443B-439C-9D48-783B1DD477F2}.Release|Any CPU.ActiveCfg = Release|Any CPU
		{8C7DD893-443B-439C-9D48-783B1DD477F2}.Release|Any CPU.Build.0 = Release|Any CPU
		{F726EA59-2363-42EB-AC5F-5530BD173E74}.Debug|Any CPU.ActiveCfg = Debug|Any CPU
		{F726EA59-2363-42EB-AC5F-5530BD173E74}.Debug|Any CPU.Build.0 = Debug|Any CPU
		{F726EA59-2363-42EB-AC5F-5530BD173E74}.Release|Any CPU.ActiveCfg = Release|Any CPU
		{F726EA59-2363-42EB-AC5F-5530BD173E74}.Release|Any CPU.Build.0 = Release|Any CPU
		{6AD2A95F-6D03-4A25-9097-813AE1BDD282}.Debug|Any CPU.ActiveCfg = Debug|Any CPU
		{6AD2A95F-6D03-4A25-9097-813AE1BDD282}.Debug|Any CPU.Build.0 = Debug|Any CPU
		{6AD2A95F-6D03-4A25-9097-813AE1BDD282}.Release|Any CPU.ActiveCfg = Release|Any CPU
		{6AD2A95F-6D03-4A25-9097-813AE1BDD282}.Release|Any CPU.Build.0 = Release|Any CPU
	EndGlobalSection
	GlobalSection(SolutionProperties) = preSolution
		HideSolutionNode = FALSE
	EndGlobalSection
	GlobalSection(ExtensibilityGlobals) = postSolution
		SolutionGuid = {52408096-065D-4F4A-A10A-1C05C8FC07B4}
	EndGlobalSection
EndGlobal
